
Microsoft Visual Studio Solution File, Format Version 12.00
# Visual Studio Version 17
VisualStudioVersion = 17.13.35806.99
MinimumVisualStudioVersion = 10.0.40219.1
Project("{FAE04EC0-301F-11D3-BF4B-00C04F79EFBC}") = "JiuLing.Platform", "JiuLing.Platform\JiuLing.Platform.csproj", "{F5284112-B440-9E4E-681D-6366AF64858D}"
EndProject
Project("{FAE04EC0-301F-11D3-BF4B-00C04F79EFBC}") = "JiuLing.Platform.Common", "JiuLing.Platform.Common\JiuLing.Platform.Common.csproj", "{91723718-11B7-4F88-36EC-823881E62395}"
EndProject
Project("{FAE04EC0-301F-11D3-BF4B-00C04F79EFBC}") = "JiuLing.Platform.Models", "JiuLing.Platform.Models\JiuLing.Platform.Models.csproj", "{91E0F47F-7563-9825-6194-D6D04D9CA530}"
EndProject
Project("{FAE04EC0-301F-11D3-BF4B-00C04F79EFBC}") = "JiuLing.Platform.Repositories", "JiuLing.Platform.Repositories\JiuLing.Platform.Repositories.csproj", "{CC555E28-9F9E-17B5-29C5-081724569775}"
EndProject
Project("{FAE04EC0-301F-11D3-BF4B-00C04F79EFBC}") = "JiuLing.Platform.Services", "JiuLing.Platform.Services\JiuLing.Platform.Services.csproj", "{AEDF10A6-276E-09A5-C4B1-89B5A6629472}"
EndProject
Project("{2150E333-8FDC-42A3-9474-1A3956D46DE8}") = ".github", ".github", "{385F0BE9-4BF6-4608-A063-A53CD3DFFD07}"
EndProject
Project("{2150E333-8FDC-42A3-9474-1A3956D46DE8}") = "workflows", "workflows", "{C9E6B170-7B87-44A2-92E5-2FB5AF0B404B}"
	ProjectSection(SolutionItems) = preProject
		..\.github\workflows\autoformat.yml = ..\.github\workflows\autoformat.yml
	EndProjectSection
EndProject
Global
	GlobalSection(SolutionConfigurationPlatforms) = preSolution
		Debug|Any CPU = Debug|Any CPU
		Release|Any CPU = Release|Any CPU
	EndGlobalSection
	GlobalSection(ProjectConfigurationPlatforms) = postSolution
		{F5284112-B440-9E4E-681D-6366AF64858D}.Debug|Any CPU.ActiveCfg = Debug|Any CPU
		{F5284112-B440-9E4E-681D-6366AF64858D}.Debug|Any CPU.Build.0 = Debug|Any CPU
		{F5284112-B440-9E4E-681D-6366AF64858D}.Release|Any CPU.ActiveCfg = Release|Any CPU
		{F5284112-B440-9E4E-681D-6366AF64858D}.Release|Any CPU.Build.0 = Release|Any CPU
		{91723718-11B7-4F88-36EC-823881E62395}.Debug|Any CPU.ActiveCfg = Debug|Any CPU
		{91723718-11B7-4F88-36EC-823881E62395}.Debug|Any CPU.Build.0 = Debug|Any CPU
		{91723718-11B7-4F88-36EC-823881E62395}.Release|Any CPU.ActiveCfg = Release|Any CPU
		{91723718-11B7-4F88-36EC-823881E62395}.Release|Any CPU.Build.0 = Release|Any CPU
		{91E0F47F-7563-9825-6194-D6D04D9CA530}.Debug|Any CPU.ActiveCfg = Debug|Any CPU
		{91E0F47F-7563-9825-6194-D6D04D9CA530}.Debug|Any CPU.Build.0 = Debug|Any CPU
		{91E0F47F-7563-9825-6194-D6D04D9CA530}.Release|Any CPU.ActiveCfg = Release|Any CPU
		{91E0F47F-7563-9825-6194-D6D04D9CA530}.Release|Any CPU.Build.0 = Release|Any CPU
		{CC555E28-9F9E-17B5-29C5-081724569775}.Debug|Any CPU.ActiveCfg = Debug|Any CPU
		{CC555E28-9F9E-17B5-29C5-081724569775}.Debug|Any CPU.Build.0 = Debug|Any CPU
		{CC555E28-9F9E-17B5-29C5-081724569775}.Release|Any CPU.ActiveCfg = Release|Any CPU
		{CC555E28-9F9E-17B5-29C5-081724569775}.Release|Any CPU.Build.0 = Release|Any CPU
		{AEDF10A6-276E-09A5-C4B1-89B5A6629472}.Debug|Any CPU.ActiveCfg = Debug|Any CPU
		{AEDF10A6-276E-09A5-C4B1-89B5A6629472}.Debug|Any CPU.Build.0 = Debug|Any CPU
		{AEDF10A6-276E-09A5-C4B1-89B5A6629472}.Release|Any CPU.ActiveCfg = Release|Any CPU
		{AEDF10A6-276E-09A5-C4B1-89B5A6629472}.Release|Any CPU.Build.0 = Release|Any CPU
	EndGlobalSection
	GlobalSection(SolutionProperties) = preSolution
		HideSolutionNode = FALSE
	EndGlobalSection
	GlobalSection(NestedProjects) = preSolution
		{C9E6B170-7B87-44A2-92E5-2FB5AF0B404B} = {385F0BE9-4BF6-4608-A063-A53CD3DFFD07}
	EndGlobalSection
	GlobalSection(ExtensibilityGlobals) = postSolution
		SolutionGuid = {E0B69E9F-662F-4D29-91F4-AD86FEF43427}
	EndGlobalSection
EndGlobal
